
Microsoft Visual Studio Solution File, Format Version 12.00
# Visual Studio Version 16
VisualStudioVersion = 16.0.29201.188
MinimumVisualStudioVersion = 10.0.40219.1
Project("{2150E333-8FDC-42A3-9474-1A3956D46DE8}") = "1 - ManageProgramFlow", "1 - ManageProgramFlow", "{8EDAA0A9-461C-4424-8975-1177EC6A2867}"
EndProject
Project("{FAE04EC0-301F-11D3-BF4B-00C04F79EFBC}") = "Console.Tasks", "source\Console.Tasks\Console.Tasks.csproj", "{74F2BB3B-A5A3-4DC7-8D24-D8A0905D37EB}"
EndProject
Global
	GlobalSection(SolutionConfigurationPlatforms) = preSolution
		Debug|Any CPU = Debug|Any CPU
		Release|Any CPU = Release|Any CPU
	EndGlobalSection
	GlobalSection(ProjectConfigurationPlatforms) = postSolution
		{74F2BB3B-A5A3-4DC7-8D24-D8A0905D37EB}.Debug|Any CPU.ActiveCfg = Debug|Any CPU
		{74F2BB3B-A5A3-4DC7-8D24-D8A0905D37EB}.Debug|Any CPU.Build.0 = Debug|Any CPU
		{74F2BB3B-A5A3-4DC7-8D24-D8A0905D37EB}.Release|Any CPU.ActiveCfg = Release|Any CPU
		{74F2BB3B-A5A3-4DC7-8D24-D8A0905D37EB}.Release|Any CPU.Build.0 = Release|Any CPU
	EndGlobalSection
	GlobalSection(SolutionProperties) = preSolution
		HideSolutionNode = FALSE
	EndGlobalSection
	GlobalSection(NestedProjects) = preSolution
		{74F2BB3B-A5A3-4DC7-8D24-D8A0905D37EB} = {8EDAA0A9-461C-4424-8975-1177EC6A2867}
	EndGlobalSection
	GlobalSection(ExtensibilityGlobals) = postSolution
		SolutionGuid = {EDD89BA2-23EC-4631-BD84-8DF5DE9F8427}
	EndGlobalSection
EndGlobal
